// !$*UTF8*$!
{
	archiveVersion = 1;
	classes = {
	};
	objectVersion = 50;
	objects = {

/* Begin PBXBuildFile section */
		BE59106B254661B5007B697A /* AppDelegate.swift in Sources */ = {isa = PBXBuildFile; fileRef = BE59106A254661B5007B697A /* AppDelegate.swift */; };
		BE59106D254661B5007B697A /* SceneDelegate.swift in Sources */ = {isa = PBXBuildFile; fileRef = BE59106C254661B5007B697A /* SceneDelegate.swift */; };
		BE59106F254661B5007B697A /* ViewController.swift in Sources */ = {isa = PBXBuildFile; fileRef = BE59106E254661B5007B697A /* ViewController.swift */; };
		BE591072254661B5007B697A /* Main.storyboard in Resources */ = {isa = PBXBuildFile; fileRef = BE591070254661B5007B697A /* Main.storyboard */; };
		BE591074254661B6007B697A /* Assets.xcassets in Resources */ = {isa = PBXBuildFile; fileRef = BE591073254661B6007B697A /* Assets.xcassets */; };
		BE591077254661B6007B697A /* LaunchScreen.storyboard in Resources */ = {isa = PBXBuildFile; fileRef = BE591075254661B6007B697A /* LaunchScreen.storyboard */; };
		BE591082254661B6007B697A /* CaoculadoraTests.swift in Sources */ = {isa = PBXBuildFile; fileRef = BE591081254661B6007B697A /* CaoculadoraTests.swift */; };
		BE59108D254661B6007B697A /* CaoculadoraUITests.swift in Sources */ = {isa = PBXBuildFile; fileRef = BE59108C254661B6007B697A /* CaoculadoraUITests.swift */; };
/* End PBXBuildFile section */

/* Begin PBXContainerItemProxy section */
		BE59107E254661B6007B697A /* PBXContainerItemProxy */ = {
			isa = PBXContainerItemProxy;
			containerPortal = BE59105F254661B5007B697A /* Project object */;
			proxyType = 1;
			remoteGlobalIDString = BE591066254661B5007B697A;
			remoteInfo = Caoculadora;
		};
		BE591089254661B6007B697A /* PBXContainerItemProxy */ = {
			isa = PBXContainerItemProxy;
			containerPortal = BE59105F254661B5007B697A /* Project object */;
			proxyType = 1;
			remoteGlobalIDString = BE591066254661B5007B697A;
			remoteInfo = Caoculadora;
		};
/* End PBXContainerItemProxy section */

/* Begin PBXFileReference section */
		BE591067254661B5007B697A /* Caoculadora.app */ = {isa = PBXFileReference; explicitFileType = wrapper.application; includeInIndex = 0; path = Caoculadora.app; sourceTree = BUILT_PRODUCTS_DIR; };
		BE59106A254661B5007B697A /* AppDelegate.swift */ = {isa = PBXFileReference; lastKnownFileType = sourcecode.swift; path = AppDelegate.swift; sourceTree = "<group>"; };
		BE59106C254661B5007B697A /* SceneDelegate.swift */ = {isa = PBXFileReference; lastKnownFileType = sourcecode.swift; path = SceneDelegate.swift; sourceTree = "<group>"; };
		BE59106E254661B5007B697A /* ViewController.swift */ = {isa = PBXFileReference; lastKnownFileType = sourcecode.swift; path = ViewController.swift; sourceTree = "<group>"; };
		BE591071254661B5007B697A /* Base */ = {isa = PBXFileReference; lastKnownFileType = file.storyboard; name = Base; path = Base.lproj/Main.storyboard; sourceTree = "<group>"; };
		BE591073254661B6007B697A /* Assets.xcassets */ = {isa = PBXFileReference; lastKnownFileType = folder.assetcatalog; path = Assets.xcassets; sourceTree = "<group>"; };
		BE591076254661B6007B697A /* Base */ = {isa = PBXFileReference; lastKnownFileType = file.storyboard; name = Base; path = Base.lproj/LaunchScreen.storyboard; sourceTree = "<group>"; };
		BE591078254661B6007B697A /* Info.plist */ = {isa = PBXFileReference; lastKnownFileType = text.plist.xml; path = Info.plist; sourceTree = "<group>"; };
		BE59107D254661B6007B697A /* CaoculadoraTests.xctest */ = {isa = PBXFileReference; explicitFileType = wrapper.cfbundle; includeInIndex = 0; path = CaoculadoraTests.xctest; sourceTree = BUILT_PRODUCTS_DIR; };
		BE591081254661B6007B697A /* CaoculadoraTests.swift */ = {isa = PBXFileReference; lastKnownFileType = sourcecode.swift; path = CaoculadoraTests.swift; sourceTree = "<group>"; };
		BE591083254661B6007B697A /* Info.plist */ = {isa = PBXFileReference; lastKnownFileType = text.plist.xml; path = Info.plist; sourceTree = "<group>"; };
		BE591088254661B6007B697A /* CaoculadoraUITests.xctest */ = {isa = PBXFileReference; explicitFileType = wrapper.cfbundle; includeInIndex = 0; path = CaoculadoraUITests.xctest; sourceTree = BUILT_PRODUCTS_DIR; };
		BE59108C254661B6007B697A /* CaoculadoraUITests.swift */ = {isa = PBXFileReference; lastKnownFileType = sourcecode.swift; path = CaoculadoraUITests.swift; sourceTree = "<group>"; };
		BE59108E254661B6007B697A /* Info.plist */ = {isa = PBXFileReference; lastKnownFileType = text.plist.xml; path = Info.plist; sourceTree = "<group>"; };
/* End PBXFileReference section */

/* Begin PBXFrameworksBuildPhase section */
		BE591064254661B5007B697A /* Frameworks */ = {
			isa = PBXFrameworksBuildPhase;
			buildActionMask = 2147483647;
			files = (
			);
			runOnlyForDeploymentPostprocessing = 0;
		};
		BE59107A254661B6007B697A /* Frameworks */ = {
			isa = PBXFrameworksBuildPhase;
			buildActionMask = 2147483647;
			files = (
			);
			runOnlyForDeploymentPostprocessing = 0;
		};
		BE591085254661B6007B697A /* Frameworks */ = {
			isa = PBXFrameworksBuildPhase;
			buildActionMask = 2147483647;
			files = (
			);
			runOnlyForDeploymentPostprocessing = 0;
		};
/* End PBXFrameworksBuildPhase section */

/* Begin PBXGroup section */
		BE59105E254661B5007B697A = {
			isa = PBXGroup;
			children = (
				BE591069254661B5007B697A /* Caoculadora */,
				BE591080254661B6007B697A /* CaoculadoraTests */,
				BE59108B254661B6007B697A /* CaoculadoraUITests */,
				BE591068254661B5007B697A /* Products */,
			);
			sourceTree = "<group>";
		};
		BE591068254661B5007B697A /* Products */ = {
			isa = PBXGroup;
			children = (
				BE591067254661B5007B697A /* Caoculadora.app */,
				BE59107D254661B6007B697A /* CaoculadoraTests.xctest */,
				BE591088254661B6007B697A /* CaoculadoraUITests.xctest */,
			);
			name = Products;
			sourceTree = "<group>";
		};
		BE591069254661B5007B697A /* Caoculadora */ = {
			isa = PBXGroup;
			children = (
				BE59106A254661B5007B697A /* AppDelegate.swift */,
				BE59106C254661B5007B697A /* SceneDelegate.swift */,
				BE59106E254661B5007B697A /* ViewController.swift */,
				BE591070254661B5007B697A /* Main.storyboard */,
				BE591073254661B6007B697A /* Assets.xcassets */,
				BE591075254661B6007B697A /* LaunchScreen.storyboard */,
				BE591078254661B6007B697A /* Info.plist */,
			);
			path = Caoculadora;
			sourceTree = "<group>";
		};
		BE591080254661B6007B697A /* CaoculadoraTests */ = {
			isa = PBXGroup;
			children = (
				BE591081254661B6007B697A /* CaoculadoraTests.swift */,
				BE591083254661B6007B697A /* Info.plist */,
			);
			path = CaoculadoraTests;
			sourceTree = "<group>";
		};
		BE59108B254661B6007B697A /* CaoculadoraUITests */ = {
			isa = PBXGroup;
			children = (
				BE59108C254661B6007B697A /* CaoculadoraUITests.swift */,
				BE59108E254661B6007B697A /* Info.plist */,
			);
			path = CaoculadoraUITests;
			sourceTree = "<group>";
		};
/* End PBXGroup section */

/* Begin PBXNativeTarget section */
		BE591066254661B5007B697A /* Caoculadora */ = {
			isa = PBXNativeTarget;
			buildConfigurationList = BE591091254661B6007B697A /* Build configuration list for PBXNativeTarget "Caoculadora" */;
			buildPhases = (
				BE591063254661B5007B697A /* Sources */,
				BE591064254661B5007B697A /* Frameworks */,
				BE591065254661B5007B697A /* Resources */,
			);
			buildRules = (
			);
			dependencies = (
			);
			name = Caoculadora;
			productName = Caoculadora;
			productReference = BE591067254661B5007B697A /* Caoculadora.app */;
			productType = "com.apple.product-type.application";
		};
		BE59107C254661B6007B697A /* CaoculadoraTests */ = {
			isa = PBXNativeTarget;
			buildConfigurationList = BE591094254661B6007B697A /* Build configuration list for PBXNativeTarget "CaoculadoraTests" */;
			buildPhases = (
				BE591079254661B6007B697A /* Sources */,
				BE59107A254661B6007B697A /* Frameworks */,
				BE59107B254661B6007B697A /* Resources */,
			);
			buildRules = (
			);
			dependencies = (
				BE59107F254661B6007B697A /* PBXTargetDependency */,
			);
			name = CaoculadoraTests;
			productName = CaoculadoraTests;
			productReference = BE59107D254661B6007B697A /* CaoculadoraTests.xctest */;
			productType = "com.apple.product-type.bundle.unit-test";
		};
		BE591087254661B6007B697A /* CaoculadoraUITests */ = {
			isa = PBXNativeTarget;
			buildConfigurationList = BE591097254661B6007B697A /* Build configuration list for PBXNativeTarget "CaoculadoraUITests" */;
			buildPhases = (
				BE591084254661B6007B697A /* Sources */,
				BE591085254661B6007B697A /* Frameworks */,
				BE591086254661B6007B697A /* Resources */,
			);
			buildRules = (
			);
			dependencies = (
				BE59108A254661B6007B697A /* PBXTargetDependency */,
			);
			name = CaoculadoraUITests;
			productName = CaoculadoraUITests;
			productReference = BE591088254661B6007B697A /* CaoculadoraUITests.xctest */;
			productType = "com.apple.product-type.bundle.ui-testing";
		};
/* End PBXNativeTarget section */

/* Begin PBXProject section */
		BE59105F254661B5007B697A /* Project object */ = {
			isa = PBXProject;
			attributes = {
				LastSwiftUpdateCheck = 1210;
				LastUpgradeCheck = 1210;
				TargetAttributes = {
					BE591066254661B5007B697A = {
						CreatedOnToolsVersion = 12.1;
					};
					BE59107C254661B6007B697A = {
						CreatedOnToolsVersion = 12.1;
						TestTargetID = BE591066254661B5007B697A;
					};
					BE591087254661B6007B697A = {
						CreatedOnToolsVersion = 12.1;
						TestTargetID = BE591066254661B5007B697A;
					};
				};
			};
			buildConfigurationList = BE591062254661B5007B697A /* Build configuration list for PBXProject "Caoculadora" */;
			compatibilityVersion = "Xcode 9.3";
			developmentRegion = en;
			hasScannedForEncodings = 0;
			knownRegions = (
				en,
				Base,
			);
			mainGroup = BE59105E254661B5007B697A;
			productRefGroup = BE591068254661B5007B697A /* Products */;
			projectDirPath = "";
			projectRoot = "";
			targets = (
				BE591066254661B5007B697A /* Caoculadora */,
				BE59107C254661B6007B697A /* CaoculadoraTests */,
				BE591087254661B6007B697A /* CaoculadoraUITests */,
			);
		};
/* End PBXProject section */

/* Begin PBXResourcesBuildPhase section */
		BE591065254661B5007B697A /* Resources */ = {
			isa = PBXResourcesBuildPhase;
			buildActionMask = 2147483647;
			files = (
				BE591077254661B6007B697A /* LaunchScreen.storyboard in Resources */,
				BE591074254661B6007B697A /* Assets.xcassets in Resources */,
				BE591072254661B5007B697A /* Main.storyboard in Resources */,
			);
			runOnlyForDeploymentPostprocessing = 0;
		};
		BE59107B254661B6007B697A /* Resources */ = {
			isa = PBXResourcesBuildPhase;
			buildActionMask = 2147483647;
			files = (
			);
			runOnlyForDeploymentPostprocessing = 0;
		};
		BE591086254661B6007B697A /* Resources */ = {
			isa = PBXResourcesBuildPhase;
			buildActionMask = 2147483647;
			files = (
			);
			runOnlyForDeploymentPostprocessing = 0;
		};
/* End PBXResourcesBuildPhase section */

/* Begin PBXSourcesBuildPhase section */
		BE591063254661B5007B697A /* Sources */ = {
			isa = PBXSourcesBuildPhase;
			buildActionMask = 2147483647;
			files = (
				BE59106F254661B5007B697A /* ViewController.swift in Sources */,
				BE59106B254661B5007B697A /* AppDelegate.swift in Sources */,
				BE59106D254661B5007B697A /* SceneDelegate.swift in Sources */,
			);
			runOnlyForDeploymentPostprocessing = 0;
		};
		BE591079254661B6007B697A /* Sources */ = {
			isa = PBXSourcesBuildPhase;
			buildActionMask = 2147483647;
			files = (
				BE591082254661B6007B697A /* CaoculadoraTests.swift in Sources */,
			);
			runOnlyForDeploymentPostprocessing = 0;
		};
		BE591084254661B6007B697A /* Sources */ = {
			isa = PBXSourcesBuildPhase;
			buildActionMask = 2147483647;
			files = (
				BE59108D254661B6007B697A /* CaoculadoraUITests.swift in Sources */,
			);
			runOnlyForDeploymentPostprocessing = 0;
		};
/* End PBXSourcesBuildPhase section */

/* Begin PBXTargetDependency section */
		BE59107F254661B6007B697A /* PBXTargetDependency */ = {
			isa = PBXTargetDependency;
			target = BE591066254661B5007B697A /* Caoculadora */;
			targetProxy = BE59107E254661B6007B697A /* PBXContainerItemProxy */;
		};
		BE59108A254661B6007B697A /* PBXTargetDependency */ = {
			isa = PBXTargetDependency;
			target = BE591066254661B5007B697A /* Caoculadora */;
			targetProxy = BE591089254661B6007B697A /* PBXContainerItemProxy */;
		};
/* End PBXTargetDependency section */

/* Begin PBXVariantGroup section */
		BE591070254661B5007B697A /* Main.storyboard */ = {
			isa = PBXVariantGroup;
			children = (
				BE591071254661B5007B697A /* Base */,
			);
			name = Main.storyboard;
			sourceTree = "<group>";
		};
		BE591075254661B6007B697A /* LaunchScreen.storyboard */ = {
			isa = PBXVariantGroup;
			children = (
				BE591076254661B6007B697A /* Base */,
			);
			name = LaunchScreen.storyboard;
			sourceTree = "<group>";
		};
/* End PBXVariantGroup section */

/* Begin XCBuildConfiguration section */
		BE59108F254661B6007B697A /* Debug */ = {
			isa = XCBuildConfiguration;
			buildSettings = {
				ALWAYS_SEARCH_USER_PATHS = NO;
				CLANG_ANALYZER_NONNULL = YES;
				CLANG_ANALYZER_NUMBER_OBJECT_CONVERSION = YES_AGGRESSIVE;
				CLANG_CXX_LANGUAGE_STANDARD = "gnu++14";
				CLANG_CXX_LIBRARY = "libc++";
				CLANG_ENABLE_MODULES = YES;
				CLANG_ENABLE_OBJC_ARC = YES;
				CLANG_ENABLE_OBJC_WEAK = YES;
				CLANG_WARN_BLOCK_CAPTURE_AUTORELEASING = YES;
				CLANG_WARN_BOOL_CONVERSION = YES;
				CLANG_WARN_COMMA = YES;
				CLANG_WARN_CONSTANT_CONVERSION = YES;
				CLANG_WARN_DEPRECATED_OBJC_IMPLEMENTATIONS = YES;
				CLANG_WARN_DIRECT_OBJC_ISA_USAGE = YES_ERROR;
				CLANG_WARN_DOCUMENTATION_COMMENTS = YES;
				CLANG_WARN_EMPTY_BODY = YES;
				CLANG_WARN_ENUM_CONVERSION = YES;
				CLANG_WARN_INFINITE_RECURSION = YES;
				CLANG_WARN_INT_CONVERSION = YES;
				CLANG_WARN_NON_LITERAL_NULL_CONVERSION = YES;
				CLANG_WARN_OBJC_IMPLICIT_RETAIN_SELF = YES;
				CLANG_WARN_OBJC_LITERAL_CONVERSION = YES;
				CLANG_WARN_OBJC_ROOT_CLASS = YES_ERROR;
				CLANG_WARN_QUOTED_INCLUDE_IN_FRAMEWORK_HEADER = YES;
				CLANG_WARN_RANGE_LOOP_ANALYSIS = YES;
				CLANG_WARN_STRICT_PROTOTYPES = YES;
				CLANG_WARN_SUSPICIOUS_MOVE = YES;
				CLANG_WARN_UNGUARDED_AVAILABILITY = YES_AGGRESSIVE;
				CLANG_WARN_UNREACHABLE_CODE = YES;
				CLANG_WARN__DUPLICATE_METHOD_MATCH = YES;
				COPY_PHASE_STRIP = NO;
				DEBUG_INFORMATION_FORMAT = dwarf;
				ENABLE_STRICT_OBJC_MSGSEND = YES;
				ENABLE_TESTABILITY = YES;
				GCC_C_LANGUAGE_STANDARD = gnu11;
				GCC_DYNAMIC_NO_PIC = NO;
				GCC_NO_COMMON_BLOCKS = YES;
				GCC_OPTIMIZATION_LEVEL = 0;
				GCC_PREPROCESSOR_DEFINITIONS = (
					"DEBUG=1",
					"$(inherited)",
				);
				GCC_WARN_64_TO_32_BIT_CONVERSION = YES;
				GCC_WARN_ABOUT_RETURN_TYPE = YES_ERROR;
				GCC_WARN_UNDECLARED_SELECTOR = YES;
				GCC_WARN_UNINITIALIZED_AUTOS = YES_AGGRESSIVE;
				GCC_WARN_UNUSED_FUNCTION = YES;
				GCC_WARN_UNUSED_VARIABLE = YES;
				IPHONEOS_DEPLOYMENT_TARGET = 14.1;
				MTL_ENABLE_DEBUG_INFO = INCLUDE_SOURCE;
				MTL_FAST_MATH = YES;
				ONLY_ACTIVE_ARCH = YES;
				SDKROOT = iphoneos;
				SWIFT_ACTIVE_COMPILATION_CONDITIONS = DEBUG;
				SWIFT_OPTIMIZATION_LEVEL = "-Onone";
			};
			name = Debug;
		};
		BE591090254661B6007B697A /* Release */ = {
			isa = XCBuildConfiguration;
			buildSettings = {
				ALWAYS_SEARCH_USER_PATHS = NO;
				CLANG_ANALYZER_NONNULL = YES;
				CLANG_ANALYZER_NUMBER_OBJECT_CONVERSION = YES_AGGRESSIVE;
				CLANG_CXX_LANGUAGE_STANDARD = "gnu++14";
				CLANG_CXX_LIBRARY = "libc++";
				CLANG_ENABLE_MODULES = YES;
				CLANG_ENABLE_OBJC_ARC = YES;
				CLANG_ENABLE_OBJC_WEAK = YES;
				CLANG_WARN_BLOCK_CAPTURE_AUTORELEASING = YES;
				CLANG_WARN_BOOL_CONVERSION = YES;
				CLANG_WARN_COMMA = YES;
				CLANG_WARN_CONSTANT_CONVERSION = YES;
				CLANG_WARN_DEPRECATED_OBJC_IMPLEMENTATIONS = YES;
				CLANG_WARN_DIRECT_OBJC_ISA_USAGE = YES_ERROR;
				CLANG_WARN_DOCUMENTATION_COMMENTS = YES;
				CLANG_WARN_EMPTY_BODY = YES;
				CLANG_WARN_ENUM_CONVERSION = YES;
				CLANG_WARN_INFINITE_RECURSION = YES;
				CLANG_WARN_INT_CONVERSION = YES;
				CLANG_WARN_NON_LITERAL_NULL_CONVERSION = YES;
				CLANG_WARN_OBJC_IMPLICIT_RETAIN_SELF = YES;
				CLANG_WARN_OBJC_LITERAL_CONVERSION = YES;
				CLANG_WARN_OBJC_ROOT_CLASS = YES_ERROR;
				CLANG_WARN_QUOTED_INCLUDE_IN_FRAMEWORK_HEADER = YES;
				CLANG_WARN_RANGE_LOOP_ANALYSIS = YES;
				CLANG_WARN_STRICT_PROTOTYPES = YES;
				CLANG_WARN_SUSPICIOUS_MOVE = YES;
				CLANG_WARN_UNGUARDED_AVAILABILITY = YES_AGGRESSIVE;
				CLANG_WARN_UNREACHABLE_CODE = YES;
				CLANG_WARN__DUPLICATE_METHOD_MATCH = YES;
				COPY_PHASE_STRIP = NO;
				DEBUG_INFORMATION_FORMAT = "dwarf-with-dsym";
				ENABLE_NS_ASSERTIONS = NO;
				ENABLE_STRICT_OBJC_MSGSEND = YES;
				GCC_C_LANGUAGE_STANDARD = gnu11;
				GCC_NO_COMMON_BLOCKS = YES;
				GCC_WARN_64_TO_32_BIT_CONVERSION = YES;
				GCC_WARN_ABOUT_RETURN_TYPE = YES_ERROR;
				GCC_WARN_UNDECLARED_SELECTOR = YES;
				GCC_WARN_UNINITIALIZED_AUTOS = YES_AGGRESSIVE;
				GCC_WARN_UNUSED_FUNCTION = YES;
				GCC_WARN_UNUSED_VARIABLE = YES;
				IPHONEOS_DEPLOYMENT_TARGET = 14.1;
				MTL_ENABLE_DEBUG_INFO = NO;
				MTL_FAST_MATH = YES;
				SDKROOT = iphoneos;
				SWIFT_COMPILATION_MODE = wholemodule;
				SWIFT_OPTIMIZATION_LEVEL = "-O";
				VALIDATE_PRODUCT = YES;
			};
			name = Release;
		};
		BE591092254661B6007B697A /* Debug */ = {
			isa = XCBuildConfiguration;
			buildSettings = {
				ASSETCATALOG_COMPILER_APPICON_NAME = AppIcon;
				ASSETCATALOG_COMPILER_GLOBAL_ACCENT_COLOR_NAME = AccentColor;
				CODE_SIGN_STYLE = Automatic;
				DEVELOPMENT_TEAM = 9S8UE9T8R2;
				INFOPLIST_FILE = Caoculadora/Info.plist;
				LD_RUNPATH_SEARCH_PATHS = (
					"$(inherited)",
					"@executable_path/Frameworks",
				);
				PRODUCT_BUNDLE_IDENTIFIER = codes.alessandra.Caoculadora;
				PRODUCT_NAME = "$(TARGET_NAME)";
				SWIFT_VERSION = 5.0;
				TARGETED_DEVICE_FAMILY = "1,2";
			};
			name = Debug;
		};
		BE591093254661B6007B697A /* Release */ = {
			isa = XCBuildConfiguration;
			buildSettings = {
				ASSETCATALOG_COMPILER_APPICON_NAME = AppIcon;
				ASSETCATALOG_COMPILER_GLOBAL_ACCENT_COLOR_NAME = AccentColor;
				CODE_SIGN_STYLE = Automatic;
				DEVELOPMENT_TEAM = 9S8UE9T8R2;
				INFOPLIST_FILE = Caoculadora/Info.plist;
				LD_RUNPATH_SEARCH_PATHS = (
					"$(inherited)",
					"@executable_path/Frameworks",
				);
				PRODUCT_BUNDLE_IDENTIFIER = codes.alessandra.Caoculadora;
				PRODUCT_NAME = "$(TARGET_NAME)";
				SWIFT_VERSION = 5.0;
				TARGETED_DEVICE_FAMILY = "1,2";
			};
			name = Release;
		};
		BE591095254661B6007B697A /* Debug */ = {
			isa = XCBuildConfiguration;
			buildSettings = {
				ALWAYS_EMBED_SWIFT_STANDARD_LIBRARIES = YES;
				BUNDLE_LOADER = "$(TEST_HOST)";
				CODE_SIGN_STYLE = Automatic;
				DEVELOPMENT_TEAM = 9S8UE9T8R2;
				INFOPLIST_FILE = CaoculadoraTests/Info.plist;
				IPHONEOS_DEPLOYMENT_TARGET = 14.1;
				LD_RUNPATH_SEARCH_PATHS = (
					"$(inherited)",
					"@executable_path/Frameworks",
					"@loader_path/Frameworks",
				);
				PRODUCT_BUNDLE_IDENTIFIER = codes.alessandra.CaoculadoraTests;
				PRODUCT_NAME = "$(TARGET_NAME)";
				SWIFT_VERSION = 5.0;
				TARGETED_DEVICE_FAMILY = "1,2";
				TEST_HOST = "$(BUILT_PRODUCTS_DIR)/Caoculadora.app/Caoculadora";
			};
			name = Debug;
		};
		BE591096254661B6007B697A /* Release */ = {
			isa = XCBuildConfiguration;
			buildSettings = {
				ALWAYS_EMBED_SWIFT_STANDARD_LIBRARIES = YES;
				BUNDLE_LOADER = "$(TEST_HOST)";
				CODE_SIGN_STYLE = Automatic;
				DEVELOPMENT_TEAM = 9S8UE9T8R2;
				INFOPLIST_FILE = CaoculadoraTests/Info.plist;
				IPHONEOS_DEPLOYMENT_TARGET = 14.1;
				LD_RUNPATH_SEARCH_PATHS = (
					"$(inherited)",
					"@executable_path/Frameworks",
					"@loader_path/Frameworks",
				);
				PRODUCT_BUNDLE_IDENTIFIER = codes.alessandra.CaoculadoraTests;
				PRODUCT_NAME = "$(TARGET_NAME)";
				SWIFT_VERSION = 5.0;
				TARGETED_DEVICE_FAMILY = "1,2";
				TEST_HOST = "$(BUILT_PRODUCTS_DIR)/Caoculadora.app/Caoculadora";
			};
			name = Release;
		};
		BE591098254661B6007B697A /* Debug */ = {
			isa = XCBuildConfiguration;
			buildSettings = {
				ALWAYS_EMBED_SWIFT_STANDARD_LIBRARIES = YES;
				CODE_SIGN_STYLE = Automatic;
				DEVELOPMENT_TEAM = 9S8UE9T8R2;
				INFOPLIST_FILE = CaoculadoraUITests/Info.plist;
				LD_RUNPATH_SEARCH_PATHS = (
					"$(inherited)",
					"@executable_path/Frameworks",
					"@loader_path/Frameworks",
				);
				PRODUCT_BUNDLE_IDENTIFIER = codes.alessandra.CaoculadoraUITests;
				PRODUCT_NAME = "$(TARGET_NAME)";
				SWIFT_VERSION = 5.0;
				TARGETED_DEVICE_FAMILY = "1,2";
				TEST_TARGET_NAME = Caoculadora;
			};
			name = Debug;
		};
		BE591099254661B6007B697A /* Release */ = {
			isa = XCBuildConfiguration;
			buildSettings = {
				ALWAYS_EMBED_SWIFT_STANDARD_LIBRARIES = YES;
				CODE_SIGN_STYLE = Automatic;
				DEVELOPMENT_TEAM = 9S8UE9T8R2;
				INFOPLIST_FILE = CaoculadoraUITests/Info.plist;
				LD_RUNPATH_SEARCH_PATHS = (
					"$(inherited)",
					"@executable_path/Frameworks",
					"@loader_path/Frameworks",
				);
				PRODUCT_BUNDLE_IDENTIFIER = codes.alessandra.CaoculadoraUITests;
				PRODUCT_NAME = "$(TARGET_NAME)";
				SWIFT_VERSION = 5.0;
				TARGETED_DEVICE_FAMILY = "1,2";
				TEST_TARGET_NAME = Caoculadora;
			};
			name = Release;
		};
/* End XCBuildConfiguration section */

/* Begin XCConfigurationList section */
		BE591062254661B5007B697A /* Build configuration list for PBXProject "Caoculadora" */ = {
			isa = XCConfigurationList;
			buildConfigurations = (
				BE59108F254661B6007B697A /* Debug */,
				BE591090254661B6007B697A /* Release */,
			);
			defaultConfigurationIsVisible = 0;
			defaultConfigurationName = Release;
		};
		BE591091254661B6007B697A /* Build configuration list for PBXNativeTarget "Caoculadora" */ = {
			isa = XCConfigurationList;
			buildConfigurations = (
				BE591092254661B6007B697A /* Debug */,
				BE591093254661B6007B697A /* Release */,
			);
			defaultConfigurationIsVisible = 0;
			defaultConfigurationName = Release;
		};
		BE591094254661B6007B697A /* Build configuration list for PBXNativeTarget "CaoculadoraTests" */ = {
			isa = XCConfigurationList;
			buildConfigurations = (
				BE591095254661B6007B697A /* Debug */,
				BE591096254661B6007B697A /* Release */,
			);
			defaultConfigurationIsVisible = 0;
			defaultConfigurationName = Release;
		};
		BE591097254661B6007B697A /* Build configuration list for PBXNativeTarget "CaoculadoraUITests" */ = {
			isa = XCConfigurationList;
			buildConfigurations = (
				BE591098254661B6007B697A /* Debug */,
				BE591099254661B6007B697A /* Release */,
			);
			defaultConfigurationIsVisible = 0;
			defaultConfigurationName = Release;
		};
/* End XCConfigurationList section */
	};
	rootObject = BE59105F254661B5007B697A /* Project object */;
}
